
Microsoft Visual Studio Solution File, Format Version 12.00
# Visual Studio Version 17
VisualStudioVersion = 17.7.34009.444
MinimumVisualStudioVersion = 10.0.40219.1
Project("{2150E333-8FDC-42A3-9474-1A3956D46DE8}") = "CMakePredefinedTargets", "CMakePredefinedTargets", "{87BBB770-B9AE-36A8-988E-597681E95B53}"
EndProject
Project("{2150E333-8FDC-42A3-9474-1A3956D46DE8}") = "External", "External", "{314A12D7-9077-3920-B435-8B02DA23BCAC}"
EndProject
Project("{2150E333-8FDC-42A3-9474-1A3956D46DE8}") = "Internal", "Internal", "{692BCF29-C449-3180-BADB-FC81880996C3}"
EndProject
Project("{8BC9CEB8-8B4A-11D0-8D11-00A0C91BC942}") = "Game_rectangle", "Game_rectangle.vcxproj", "{250B7D6D-2037-33AF-B61A-93731A920624}"
	ProjectSection(ProjectDependencies) = postProject
		{020110F7-8160-379E-A7D5-35EA628DC759} = {020110F7-8160-379E-A7D5-35EA628DC759}
		{44DB089A-0925-33DF-821D-8EB12BA030A4} = {44DB089A-0925-33DF-821D-8EB12BA030A4}
		{B86010AF-AC39-3E68-AC05-10C684BC152B} = {B86010AF-AC39-3E68-AC05-10C684BC152B}
		{B07CD341-CD99-3E05-B906-EE8D0ABFF0CF} = {B07CD341-CD99-3E05-B906-EE8D0ABFF0CF}
		{0642F97F-E5BF-3180-B5BF-51965384F799} = {0642F97F-E5BF-3180-B5BF-51965384F799}
		{19BB7289-5402-346E-AC6A-290186C2C3B6} = {19BB7289-5402-346E-AC6A-290186C2C3B6}
		{0CD2D0C2-F0F0-30F5-A8A9-B12A1FAF2A5C} = {0CD2D0C2-F0F0-30F5-A8A9-B12A1FAF2A5C}
		{86513A69-3501-3355-A645-A0C9523E32CC} = {86513A69-3501-3355-A645-A0C9523E32CC}
		{8DFA9341-95C8-343D-87FF-9FB62CAE8F55} = {8DFA9341-95C8-343D-87FF-9FB62CAE8F55}
		{4635D0B1-45EC-3E0D-ABCD-54B3303FD5F7} = {4635D0B1-45EC-3E0D-ABCD-54B3303FD5F7}
		{8A05E62E-2E82-3C90-89C9-FE5CCEC09BE4} = {8A05E62E-2E82-3C90-89C9-FE5CCEC09BE4}
		{CF833380-FC9B-33CB-8058-45901DA94233} = {CF833380-FC9B-33CB-8058-45901DA94233}
		{D73B3D1F-590B-3AF5-B380-661C93D6A81C} = {D73B3D1F-590B-3AF5-B380-661C93D6A81C}
	EndProjectSection
EndProject
Project("{8BC9CEB8-8B4A-11D0-8D11-00A0C91BC942}") = "ZERO_CHECK", "ZERO_CHECK.vcxproj", "{020110F7-8160-379E-A7D5-35EA628DC759}"
EndProject
Project("{8BC9CEB8-8B4A-11D0-8D11-00A0C91BC942}") = "cocos2d", "engine\cocos\core\cocos2d.vcxproj", "{44DB089A-0925-33DF-821D-8EB12BA030A4}"
	ProjectSection(ProjectDependencies) = postProject
		{020110F7-8160-379E-A7D5-35EA628DC759} = {020110F7-8160-379E-A7D5-35EA628DC759}
		{B86010AF-AC39-3E68-AC05-10C684BC152B} = {B86010AF-AC39-3E68-AC05-10C684BC152B}
		{B07CD341-CD99-3E05-B906-EE8D0ABFF0CF} = {B07CD341-CD99-3E05-B906-EE8D0ABFF0CF}
		{0642F97F-E5BF-3180-B5BF-51965384F799} = {0642F97F-E5BF-3180-B5BF-51965384F799}
		{19BB7289-5402-346E-AC6A-290186C2C3B6} = {19BB7289-5402-346E-AC6A-290186C2C3B6}
		{0CD2D0C2-F0F0-30F5-A8A9-B12A1FAF2A5C} = {0CD2D0C2-F0F0-30F5-A8A9-B12A1FAF2A5C}
		{86513A69-3501-3355-A645-A0C9523E32CC} = {86513A69-3501-3355-A645-A0C9523E32CC}
		{8DFA9341-95C8-343D-87FF-9FB62CAE8F55} = {8DFA9341-95C8-343D-87FF-9FB62CAE8F55}
		{4635D0B1-45EC-3E0D-ABCD-54B3303FD5F7} = {4635D0B1-45EC-3E0D-ABCD-54B3303FD5F7}
		{8A05E62E-2E82-3C90-89C9-FE5CCEC09BE4} = {8A05E62E-2E82-3C90-89C9-FE5CCEC09BE4}
		{CF833380-FC9B-33CB-8058-45901DA94233} = {CF833380-FC9B-33CB-8058-45901DA94233}
		{D73B3D1F-590B-3AF5-B380-661C93D6A81C} = {D73B3D1F-590B-3AF5-B380-661C93D6A81C}
	EndProjectSection
EndProject
Project("{8BC9CEB8-8B4A-11D0-8D11-00A0C91BC942}") = "ext_clipper", "engine\external\clipper\ext_clipper.vcxproj", "{B86010AF-AC39-3E68-AC05-10C684BC152B}"
	ProjectSection(ProjectDependencies) = postProject
		{020110F7-8160-379E-A7D5-35EA628DC759} = {020110F7-8160-379E-A7D5-35EA628DC759}
	EndProjectSection
EndProject
Project("{8BC9CEB8-8B4A-11D0-8D11-00A0C91BC942}") = "ext_convertUTF", "engine\external\ConvertUTF\ext_convertUTF.vcxproj", "{B07CD341-CD99-3E05-B906-EE8D0ABFF0CF}"
	ProjectSection(ProjectDependencies) = postProject
		{020110F7-8160-379E-A7D5-35EA628DC759} = {020110F7-8160-379E-A7D5-35EA628DC759}
	EndProjectSection
EndProject
Project("{8BC9CEB8-8B4A-11D0-8D11-00A0C91BC942}") = "ext_edtaa3func", "engine\external\edtaa3func\ext_edtaa3func.vcxproj", "{0642F97F-E5BF-3180-B5BF-51965384F799}"
	ProjectSection(ProjectDependencies) = postProject
		{020110F7-8160-379E-A7D5-35EA628DC759} = {020110F7-8160-379E-A7D5-35EA628DC759}
	EndProjectSection
EndProject
Project("{8BC9CEB8-8B4A-11D0-8D11-00A0C91BC942}") = "ext_md5", "engine\external\md5\ext_md5.vcxproj", "{19BB7289-5402-346E-AC6A-290186C2C3B6}"
	ProjectSection(ProjectDependencies) = postProject
		{020110F7-8160-379E-A7D5-35EA628DC759} = {020110F7-8160-379E-A7D5-35EA628DC759}
	EndProjectSection
EndProject
Project("{8BC9CEB8-8B4A-11D0-8D11-00A0C91BC942}") = "ext_poly2tri", "engine\external\poly2tri\ext_poly2tri.vcxproj", "{0CD2D0C2-F0F0-30F5-A8A9-B12A1FAF2A5C}"
	ProjectSection(ProjectDependencies) = postProject
		{020110F7-8160-379E-A7D5-35EA628DC759} = {020110F7-8160-379E-A7D5-35EA628DC759}
	EndProjectSection
EndProject
Project("{8BC9CEB8-8B4A-11D0-8D11-00A0C91BC942}") = "ext_recast", "engine\external\recast\ext_recast.vcxproj", "{86513A69-3501-3355-A645-A0C9523E32CC}"
	ProjectSection(ProjectDependencies) = postProject
		{020110F7-8160-379E-A7D5-35EA628DC759} = {020110F7-8160-379E-A7D5-35EA628DC759}
	EndProjectSection
EndProject
Project("{8BC9CEB8-8B4A-11D0-8D11-00A0C91BC942}") = "ext_tinyxml2", "engine\external\tinyxml2\ext_tinyxml2.vcxproj", "{8DFA9341-95C8-343D-87FF-9FB62CAE8F55}"
	ProjectSection(ProjectDependencies) = postProject
		{020110F7-8160-379E-A7D5-35EA628DC759} = {020110F7-8160-379E-A7D5-35EA628DC759}
	EndProjectSection
EndProject
Project("{8BC9CEB8-8B4A-11D0-8D11-00A0C91BC942}") = "ext_unzip", "engine\external\unzip\ext_unzip.vcxproj", "{4635D0B1-45EC-3E0D-ABCD-54B3303FD5F7}"
	ProjectSection(ProjectDependencies) = postProject
		{020110F7-8160-379E-A7D5-35EA628DC759} = {020110F7-8160-379E-A7D5-35EA628DC759}
	EndProjectSection
EndProject
Project("{8BC9CEB8-8B4A-11D0-8D11-00A0C91BC942}") = "ext_xxhash", "engine\external\xxhash\ext_xxhash.vcxproj", "{8A05E62E-2E82-3C90-89C9-FE5CCEC09BE4}"
	ProjectSection(ProjectDependencies) = postProject
		{020110F7-8160-379E-A7D5-35EA628DC759} = {020110F7-8160-379E-A7D5-35EA628DC759}
	EndProjectSection
EndProject
Project("{8BC9CEB8-8B4A-11D0-8D11-00A0C91BC942}") = "ext_xxtea", "engine\external\xxtea\ext_xxtea.vcxproj", "{CF833380-FC9B-33CB-8058-45901DA94233}"
	ProjectSection(ProjectDependencies) = postProject
		{020110F7-8160-379E-A7D5-35EA628DC759} = {020110F7-8160-379E-A7D5-35EA628DC759}
	EndProjectSection
EndProject
Project("{8BC9CEB8-8B4A-11D0-8D11-00A0C91BC942}") = "external", "engine\external\external.vcxproj", "{D73B3D1F-590B-3AF5-B380-661C93D6A81C}"
	ProjectSection(ProjectDependencies) = postProject
		{020110F7-8160-379E-A7D5-35EA628DC759} = {020110F7-8160-379E-A7D5-35EA628DC759}
		{B86010AF-AC39-3E68-AC05-10C684BC152B} = {B86010AF-AC39-3E68-AC05-10C684BC152B}
		{B07CD341-CD99-3E05-B906-EE8D0ABFF0CF} = {B07CD341-CD99-3E05-B906-EE8D0ABFF0CF}
		{0642F97F-E5BF-3180-B5BF-51965384F799} = {0642F97F-E5BF-3180-B5BF-51965384F799}
		{19BB7289-5402-346E-AC6A-290186C2C3B6} = {19BB7289-5402-346E-AC6A-290186C2C3B6}
		{0CD2D0C2-F0F0-30F5-A8A9-B12A1FAF2A5C} = {0CD2D0C2-F0F0-30F5-A8A9-B12A1FAF2A5C}
		{86513A69-3501-3355-A645-A0C9523E32CC} = {86513A69-3501-3355-A645-A0C9523E32CC}
		{8DFA9341-95C8-343D-87FF-9FB62CAE8F55} = {8DFA9341-95C8-343D-87FF-9FB62CAE8F55}
		{4635D0B1-45EC-3E0D-ABCD-54B3303FD5F7} = {4635D0B1-45EC-3E0D-ABCD-54B3303FD5F7}
		{8A05E62E-2E82-3C90-89C9-FE5CCEC09BE4} = {8A05E62E-2E82-3C90-89C9-FE5CCEC09BE4}
		{CF833380-FC9B-33CB-8058-45901DA94233} = {CF833380-FC9B-33CB-8058-45901DA94233}
	EndProjectSection
EndProject
Global
	GlobalSection(SolutionConfigurationPlatforms) = preSolution
		Debug|Win32 = Debug|Win32
		Release|Win32 = Release|Win32
	EndGlobalSection
	GlobalSection(ProjectConfigurationPlatforms) = postSolution
		{250B7D6D-2037-33AF-B61A-93731A920624}.Debug|Win32.ActiveCfg = Debug|Win32
		{250B7D6D-2037-33AF-B61A-93731A920624}.Debug|Win32.Build.0 = Debug|Win32
		{250B7D6D-2037-33AF-B61A-93731A920624}.Release|Win32.ActiveCfg = Release|Win32
		{250B7D6D-2037-33AF-B61A-93731A920624}.Release|Win32.Build.0 = Release|Win32
		{020110F7-8160-379E-A7D5-35EA628DC759}.Debug|Win32.ActiveCfg = Debug|Win32
		{020110F7-8160-379E-A7D5-35EA628DC759}.Debug|Win32.Build.0 = Debug|Win32
		{020110F7-8160-379E-A7D5-35EA628DC759}.Release|Win32.ActiveCfg = Release|Win32
		{020110F7-8160-379E-A7D5-35EA628DC759}.Release|Win32.Build.0 = Release|Win32
		{44DB089A-0925-33DF-821D-8EB12BA030A4}.Debug|Win32.ActiveCfg = Debug|Win32
		{44DB089A-0925-33DF-821D-8EB12BA030A4}.Debug|Win32.Build.0 = Debug|Win32
		{44DB089A-0925-33DF-821D-8EB12BA030A4}.Release|Win32.ActiveCfg = Release|Win32
		{44DB089A-0925-33DF-821D-8EB12BA030A4}.Release|Win32.Build.0 = Release|Win32
		{B86010AF-AC39-3E68-AC05-10C684BC152B}.Debug|Win32.ActiveCfg = Debug|Win32
		{B86010AF-AC39-3E68-AC05-10C684BC152B}.Debug|Win32.Build.0 = Debug|Win32
		{B86010AF-AC39-3E68-AC05-10C684BC152B}.Release|Win32.ActiveCfg = Release|Win32
		{B86010AF-AC39-3E68-AC05-10C684BC152B}.Release|Win32.Build.0 = Release|Win32
		{B07CD341-CD99-3E05-B906-EE8D0ABFF0CF}.Debug|Win32.ActiveCfg = Debug|Win32
		{B07CD341-CD99-3E05-B906-EE8D0ABFF0CF}.Debug|Win32.Build.0 = Debug|Win32
		{B07CD341-CD99-3E05-B906-EE8D0ABFF0CF}.Release|Win32.ActiveCfg = Release|Win32
		{B07CD341-CD99-3E05-B906-EE8D0ABFF0CF}.Release|Win32.Build.0 = Release|Win32
		{0642F97F-E5BF-3180-B5BF-51965384F799}.Debug|Win32.ActiveCfg = Debug|Win32
		{0642F97F-E5BF-3180-B5BF-51965384F799}.Debug|Win32.Build.0 = Debug|Win32
		{0642F97F-E5BF-3180-B5BF-51965384F799}.Release|Win32.ActiveCfg = Release|Win32
		{0642F97F-E5BF-3180-B5BF-51965384F799}.Release|Win32.Build.0 = Release|Win32
		{19BB7289-5402-346E-AC6A-290186C2C3B6}.Debug|Win32.ActiveCfg = Debug|Win32
		{19BB7289-5402-346E-AC6A-290186C2C3B6}.Debug|Win32.Build.0 = Debug|Win32
		{19BB7289-5402-346E-AC6A-290186C2C3B6}.Release|Win32.ActiveCfg = Release|Win32
		{19BB7289-5402-346E-AC6A-290186C2C3B6}.Release|Win32.Build.0 = Release|Win32
		{0CD2D0C2-F0F0-30F5-A8A9-B12A1FAF2A5C}.Debug|Win32.ActiveCfg = Debug|Win32
		{0CD2D0C2-F0F0-30F5-A8A9-B12A1FAF2A5C}.Debug|Win32.Build.0 = Debug|Win32
		{0CD2D0C2-F0F0-30F5-A8A9-B12A1FAF2A5C}.Release|Win32.ActiveCfg = Release|Win32
		{0CD2D0C2-F0F0-30F5-A8A9-B12A1FAF2A5C}.Release|Win32.Build.0 = Release|Win32
		{86513A69-3501-3355-A645-A0C9523E32CC}.Debug|Win32.ActiveCfg = Debug|Win32
		{86513A69-3501-3355-A645-A0C9523E32CC}.Debug|Win32.Build.0 = Debug|Win32
		{86513A69-3501-3355-A645-A0C9523E32CC}.Release|Win32.ActiveCfg = Release|Win32
		{86513A69-3501-3355-A645-A0C9523E32CC}.Release|Win32.Build.0 = Release|Win32
		{8DFA9341-95C8-343D-87FF-9FB62CAE8F55}.Debug|Win32.ActiveCfg = Debug|Win32
		{8DFA9341-95C8-343D-87FF-9FB62CAE8F55}.Debug|Win32.Build.0 = Debug|Win32
		{8DFA9341-95C8-343D-87FF-9FB62CAE8F55}.Release|Win32.ActiveCfg = Release|Win32
		{8DFA9341-95C8-343D-87FF-9FB62CAE8F55}.Release|Win32.Build.0 = Release|Win32
		{4635D0B1-45EC-3E0D-ABCD-54B3303FD5F7}.Debug|Win32.ActiveCfg = Debug|Win32
		{4635D0B1-45EC-3E0D-ABCD-54B3303FD5F7}.Debug|Win32.Build.0 = Debug|Win32
		{4635D0B1-45EC-3E0D-ABCD-54B3303FD5F7}.Release|Win32.ActiveCfg = Release|Win32
		{4635D0B1-45EC-3E0D-ABCD-54B3303FD5F7}.Release|Win32.Build.0 = Release|Win32
		{8A05E62E-2E82-3C90-89C9-FE5CCEC09BE4}.Debug|Win32.ActiveCfg = Debug|Win32
		{8A05E62E-2E82-3C90-89C9-FE5CCEC09BE4}.Debug|Win32.Build.0 = Debug|Win32
		{8A05E62E-2E82-3C90-89C9-FE5CCEC09BE4}.Release|Win32.ActiveCfg = Release|Win32
		{8A05E62E-2E82-3C90-89C9-FE5CCEC09BE4}.Release|Win32.Build.0 = Release|Win32
		{CF833380-FC9B-33CB-8058-45901DA94233}.Debug|Win32.ActiveCfg = Debug|Win32
		{CF833380-FC9B-33CB-8058-45901DA94233}.Debug|Win32.Build.0 = Debug|Win32
		{CF833380-FC9B-33CB-8058-45901DA94233}.Release|Win32.ActiveCfg = Release|Win32
		{CF833380-FC9B-33CB-8058-45901DA94233}.Release|Win32.Build.0 = Release|Win32
		{D73B3D1F-590B-3AF5-B380-661C93D6A81C}.Debug|Win32.ActiveCfg = Debug|Win32
		{D73B3D1F-590B-3AF5-B380-661C93D6A81C}.Debug|Win32.Build.0 = Debug|Win32
		{D73B3D1F-590B-3AF5-B380-661C93D6A81C}.Release|Win32.ActiveCfg = Release|Win32
		{D73B3D1F-590B-3AF5-B380-661C93D6A81C}.Release|Win32.Build.0 = Release|Win32
	EndGlobalSection
	GlobalSection(SolutionProperties) = preSolution
		HideSolutionNode = FALSE
	EndGlobalSection
	GlobalSection(NestedProjects) = preSolution
		{020110F7-8160-379E-A7D5-35EA628DC759} = {87BBB770-B9AE-36A8-988E-597681E95B53}
		{44DB089A-0925-33DF-821D-8EB12BA030A4} = {692BCF29-C449-3180-BADB-FC81880996C3}
		{B86010AF-AC39-3E68-AC05-10C684BC152B} = {314A12D7-9077-3920-B435-8B02DA23BCAC}
		{B07CD341-CD99-3E05-B906-EE8D0ABFF0CF} = {314A12D7-9077-3920-B435-8B02DA23BCAC}
		{0642F97F-E5BF-3180-B5BF-51965384F799} = {314A12D7-9077-3920-B435-8B02DA23BCAC}
		{19BB7289-5402-346E-AC6A-290186C2C3B6} = {314A12D7-9077-3920-B435-8B02DA23BCAC}
		{0CD2D0C2-F0F0-30F5-A8A9-B12A1FAF2A5C} = {314A12D7-9077-3920-B435-8B02DA23BCAC}
		{86513A69-3501-3355-A645-A0C9523E32CC} = {314A12D7-9077-3920-B435-8B02DA23BCAC}
		{8DFA9341-95C8-343D-87FF-9FB62CAE8F55} = {314A12D7-9077-3920-B435-8B02DA23BCAC}
		{4635D0B1-45EC-3E0D-ABCD-54B3303FD5F7} = {314A12D7-9077-3920-B435-8B02DA23BCAC}
		{8A05E62E-2E82-3C90-89C9-FE5CCEC09BE4} = {314A12D7-9077-3920-B435-8B02DA23BCAC}
		{CF833380-FC9B-33CB-8058-45901DA94233} = {314A12D7-9077-3920-B435-8B02DA23BCAC}
		{D73B3D1F-590B-3AF5-B380-661C93D6A81C} = {314A12D7-9077-3920-B435-8B02DA23BCAC}
	EndGlobalSection
	GlobalSection(ExtensibilityGlobals) = postSolution
		SolutionGuid = {4C58BBB9-2192-3E10-9D1E-20C947D5A3E6}
	EndGlobalSection
EndGlobal
