<?xml version="1.0" encoding="utf-8"?>
<Project ToolsVersion="17.0" xmlns="http://schemas.microsoft.com/developer/msbuild/2003">
  <ItemGroup>
    <CustomBuild Include="C:\Users\kiril\Desktop\Game_rectangle\proj.win32\CMakeFiles\cb58e5c3be4834f4bf1bb1b1f09ce44d\generate.stamp.rule">
      <Filter>CMake Rules</Filter>
    </CustomBuild>
  </ItemGroup>
  <ItemGroup>
    <Filter Include="CMake Rules">
      <UniqueIdentifier>{DC1403E1-D003-3161-8D04-18CB2770AD86}</UniqueIdentifier>
    </Filter>
  </ItemGroup>
</Project>
