
Microsoft Visual Studio Solution File, Format Version 12.00
# Visual Studio Version 17
Project("{2150E333-8FDC-42A3-9474-1A3956D46DE8}") = "CMakePredefinedTargets", "CMakePredefinedTargets", "{4AB65134-858D-312E-99C8-BA1DFC0B9F40}"
EndProject
Project("{2150E333-8FDC-42A3-9474-1A3956D46DE8}") = "External", "External", "{FE87AE41-49B5-36C6-AF02-332E3F12E3E9}"
EndProject
Project("{2150E333-8FDC-42A3-9474-1A3956D46DE8}") = "Internal", "Internal", "{1C66B865-4D68-3BAF-814B-FE63D7DF5061}"
EndProject
Project("{2150E333-8FDC-42A3-9474-1A3956D46DE8}") = "Utils", "Utils", "{C518E58E-6089-3CB1-82AF-0B7BC8308314}"
EndProject
Project("{8BC9CEB8-8B4A-11D0-8D11-00A0C91BC942}") = "ALL_BUILD", "ALL_BUILD.vcxproj", "{9A8F3E37-6083-38C5-9566-E7288956D0D5}"
	ProjectSection(ProjectDependencies) = postProject
		{FEEBD794-0809-3CE6-89B4-32C0F31567E2} = {FEEBD794-0809-3CE6-89B4-32C0F31567E2}
		{14B2DE0F-754E-3894-9BB3-78870DD5B62A} = {14B2DE0F-754E-3894-9BB3-78870DD5B62A}
		{D8837335-CB41-3887-B44B-DA3DD1A3D9EA} = {D8837335-CB41-3887-B44B-DA3DD1A3D9EA}
		{F6B21755-8AA8-3302-8984-AB032E425556} = {F6B21755-8AA8-3302-8984-AB032E425556}
		{378F759B-85F2-3A42-A01C-A1C0459C54D0} = {378F759B-85F2-3A42-A01C-A1C0459C54D0}
		{B516A075-58F2-34A5-80EE-75D70A02F990} = {B516A075-58F2-34A5-80EE-75D70A02F990}
		{456AA3A2-AE47-3945-9E9C-9B903DEAAB1F} = {456AA3A2-AE47-3945-9E9C-9B903DEAAB1F}
		{C8086C10-1DB6-3F46-96C7-198AF7D3E205} = {C8086C10-1DB6-3F46-96C7-198AF7D3E205}
		{E88A4E2F-06CF-3297-9E9E-83CC9947EBA6} = {E88A4E2F-06CF-3297-9E9E-83CC9947EBA6}
		{28DCE7AF-21B7-3746-B1A8-E4B6FB677429} = {28DCE7AF-21B7-3746-B1A8-E4B6FB677429}
		{3F939B6A-F336-3ABA-AABE-C386C3EEEB20} = {3F939B6A-F336-3ABA-AABE-C386C3EEEB20}
		{F40F36F7-5E8C-3AA7-A7B8-15605AC430CF} = {F40F36F7-5E8C-3AA7-A7B8-15605AC430CF}
		{A7A50BA9-F699-33F5-A988-2F4EC7F3715F} = {A7A50BA9-F699-33F5-A988-2F4EC7F3715F}
		{5C4F4E96-229C-3767-803D-3D78B3A5805A} = {5C4F4E96-229C-3767-803D-3D78B3A5805A}
		{94FA3C43-C0C7-3336-ADDC-F977AF067618} = {94FA3C43-C0C7-3336-ADDC-F977AF067618}
	EndProjectSection
EndProject
Project("{8BC9CEB8-8B4A-11D0-8D11-00A0C91BC942}") = "Game", "Game.vcxproj", "{FEEBD794-0809-3CE6-89B4-32C0F31567E2}"
	ProjectSection(ProjectDependencies) = postProject
		{14B2DE0F-754E-3894-9BB3-78870DD5B62A} = {14B2DE0F-754E-3894-9BB3-78870DD5B62A}
		{D8837335-CB41-3887-B44B-DA3DD1A3D9EA} = {D8837335-CB41-3887-B44B-DA3DD1A3D9EA}
		{F6B21755-8AA8-3302-8984-AB032E425556} = {F6B21755-8AA8-3302-8984-AB032E425556}
		{378F759B-85F2-3A42-A01C-A1C0459C54D0} = {378F759B-85F2-3A42-A01C-A1C0459C54D0}
		{B516A075-58F2-34A5-80EE-75D70A02F990} = {B516A075-58F2-34A5-80EE-75D70A02F990}
		{456AA3A2-AE47-3945-9E9C-9B903DEAAB1F} = {456AA3A2-AE47-3945-9E9C-9B903DEAAB1F}
		{C8086C10-1DB6-3F46-96C7-198AF7D3E205} = {C8086C10-1DB6-3F46-96C7-198AF7D3E205}
		{E88A4E2F-06CF-3297-9E9E-83CC9947EBA6} = {E88A4E2F-06CF-3297-9E9E-83CC9947EBA6}
		{28DCE7AF-21B7-3746-B1A8-E4B6FB677429} = {28DCE7AF-21B7-3746-B1A8-E4B6FB677429}
		{3F939B6A-F336-3ABA-AABE-C386C3EEEB20} = {3F939B6A-F336-3ABA-AABE-C386C3EEEB20}
		{F40F36F7-5E8C-3AA7-A7B8-15605AC430CF} = {F40F36F7-5E8C-3AA7-A7B8-15605AC430CF}
		{A7A50BA9-F699-33F5-A988-2F4EC7F3715F} = {A7A50BA9-F699-33F5-A988-2F4EC7F3715F}
		{5C4F4E96-229C-3767-803D-3D78B3A5805A} = {5C4F4E96-229C-3767-803D-3D78B3A5805A}
		{94FA3C43-C0C7-3336-ADDC-F977AF067618} = {94FA3C43-C0C7-3336-ADDC-F977AF067618}
	EndProjectSection
EndProject
Project("{8BC9CEB8-8B4A-11D0-8D11-00A0C91BC942}") = "SYNC_RESOURCE-Game", "SYNC_RESOURCE-Game.vcxproj", "{14B2DE0F-754E-3894-9BB3-78870DD5B62A}"
	ProjectSection(ProjectDependencies) = postProject
		{D8837335-CB41-3887-B44B-DA3DD1A3D9EA} = {D8837335-CB41-3887-B44B-DA3DD1A3D9EA}
	EndProjectSection
EndProject
Project("{8BC9CEB8-8B4A-11D0-8D11-00A0C91BC942}") = "ZERO_CHECK", "ZERO_CHECK.vcxproj", "{D8837335-CB41-3887-B44B-DA3DD1A3D9EA}"
	ProjectSection(ProjectDependencies) = postProject
	EndProjectSection
EndProject
Project("{8BC9CEB8-8B4A-11D0-8D11-00A0C91BC942}") = "cocos2d", "engine\cocos\core\cocos2d.vcxproj", "{F6B21755-8AA8-3302-8984-AB032E425556}"
	ProjectSection(ProjectDependencies) = postProject
		{D8837335-CB41-3887-B44B-DA3DD1A3D9EA} = {D8837335-CB41-3887-B44B-DA3DD1A3D9EA}
		{378F759B-85F2-3A42-A01C-A1C0459C54D0} = {378F759B-85F2-3A42-A01C-A1C0459C54D0}
		{B516A075-58F2-34A5-80EE-75D70A02F990} = {B516A075-58F2-34A5-80EE-75D70A02F990}
		{456AA3A2-AE47-3945-9E9C-9B903DEAAB1F} = {456AA3A2-AE47-3945-9E9C-9B903DEAAB1F}
		{C8086C10-1DB6-3F46-96C7-198AF7D3E205} = {C8086C10-1DB6-3F46-96C7-198AF7D3E205}
		{E88A4E2F-06CF-3297-9E9E-83CC9947EBA6} = {E88A4E2F-06CF-3297-9E9E-83CC9947EBA6}
		{28DCE7AF-21B7-3746-B1A8-E4B6FB677429} = {28DCE7AF-21B7-3746-B1A8-E4B6FB677429}
		{3F939B6A-F336-3ABA-AABE-C386C3EEEB20} = {3F939B6A-F336-3ABA-AABE-C386C3EEEB20}
		{F40F36F7-5E8C-3AA7-A7B8-15605AC430CF} = {F40F36F7-5E8C-3AA7-A7B8-15605AC430CF}
		{A7A50BA9-F699-33F5-A988-2F4EC7F3715F} = {A7A50BA9-F699-33F5-A988-2F4EC7F3715F}
		{5C4F4E96-229C-3767-803D-3D78B3A5805A} = {5C4F4E96-229C-3767-803D-3D78B3A5805A}
		{94FA3C43-C0C7-3336-ADDC-F977AF067618} = {94FA3C43-C0C7-3336-ADDC-F977AF067618}
	EndProjectSection
EndProject
Project("{8BC9CEB8-8B4A-11D0-8D11-00A0C91BC942}") = "ext_clipper", "engine\external\clipper\ext_clipper.vcxproj", "{378F759B-85F2-3A42-A01C-A1C0459C54D0}"
	ProjectSection(ProjectDependencies) = postProject
		{D8837335-CB41-3887-B44B-DA3DD1A3D9EA} = {D8837335-CB41-3887-B44B-DA3DD1A3D9EA}
	EndProjectSection
EndProject
Project("{8BC9CEB8-8B4A-11D0-8D11-00A0C91BC942}") = "ext_convertUTF", "engine\external\ConvertUTF\ext_convertUTF.vcxproj", "{B516A075-58F2-34A5-80EE-75D70A02F990}"
	ProjectSection(ProjectDependencies) = postProject
		{D8837335-CB41-3887-B44B-DA3DD1A3D9EA} = {D8837335-CB41-3887-B44B-DA3DD1A3D9EA}
	EndProjectSection
EndProject
Project("{8BC9CEB8-8B4A-11D0-8D11-00A0C91BC942}") = "ext_edtaa3func", "engine\external\edtaa3func\ext_edtaa3func.vcxproj", "{456AA3A2-AE47-3945-9E9C-9B903DEAAB1F}"
	ProjectSection(ProjectDependencies) = postProject
		{D8837335-CB41-3887-B44B-DA3DD1A3D9EA} = {D8837335-CB41-3887-B44B-DA3DD1A3D9EA}
	EndProjectSection
EndProject
Project("{8BC9CEB8-8B4A-11D0-8D11-00A0C91BC942}") = "ext_md5", "engine\external\md5\ext_md5.vcxproj", "{C8086C10-1DB6-3F46-96C7-198AF7D3E205}"
	ProjectSection(ProjectDependencies) = postProject
		{D8837335-CB41-3887-B44B-DA3DD1A3D9EA} = {D8837335-CB41-3887-B44B-DA3DD1A3D9EA}
	EndProjectSection
EndProject
Project("{8BC9CEB8-8B4A-11D0-8D11-00A0C91BC942}") = "ext_poly2tri", "engine\external\poly2tri\ext_poly2tri.vcxproj", "{E88A4E2F-06CF-3297-9E9E-83CC9947EBA6}"
	ProjectSection(ProjectDependencies) = postProject
		{D8837335-CB41-3887-B44B-DA3DD1A3D9EA} = {D8837335-CB41-3887-B44B-DA3DD1A3D9EA}
	EndProjectSection
EndProject
Project("{8BC9CEB8-8B4A-11D0-8D11-00A0C91BC942}") = "ext_recast", "engine\external\recast\ext_recast.vcxproj", "{28DCE7AF-21B7-3746-B1A8-E4B6FB677429}"
	ProjectSection(ProjectDependencies) = postProject
		{D8837335-CB41-3887-B44B-DA3DD1A3D9EA} = {D8837335-CB41-3887-B44B-DA3DD1A3D9EA}
	EndProjectSection
EndProject
Project("{8BC9CEB8-8B4A-11D0-8D11-00A0C91BC942}") = "ext_tinyxml2", "engine\external\tinyxml2\ext_tinyxml2.vcxproj", "{3F939B6A-F336-3ABA-AABE-C386C3EEEB20}"
	ProjectSection(ProjectDependencies) = postProject
		{D8837335-CB41-3887-B44B-DA3DD1A3D9EA} = {D8837335-CB41-3887-B44B-DA3DD1A3D9EA}
	EndProjectSection
EndProject
Project("{8BC9CEB8-8B4A-11D0-8D11-00A0C91BC942}") = "ext_unzip", "engine\external\unzip\ext_unzip.vcxproj", "{F40F36F7-5E8C-3AA7-A7B8-15605AC430CF}"
	ProjectSection(ProjectDependencies) = postProject
		{D8837335-CB41-3887-B44B-DA3DD1A3D9EA} = {D8837335-CB41-3887-B44B-DA3DD1A3D9EA}
	EndProjectSection
EndProject
Project("{8BC9CEB8-8B4A-11D0-8D11-00A0C91BC942}") = "ext_xxhash", "engine\external\xxhash\ext_xxhash.vcxproj", "{A7A50BA9-F699-33F5-A988-2F4EC7F3715F}"
	ProjectSection(ProjectDependencies) = postProject
		{D8837335-CB41-3887-B44B-DA3DD1A3D9EA} = {D8837335-CB41-3887-B44B-DA3DD1A3D9EA}
	EndProjectSection
EndProject
Project("{8BC9CEB8-8B4A-11D0-8D11-00A0C91BC942}") = "ext_xxtea", "engine\external\xxtea\ext_xxtea.vcxproj", "{5C4F4E96-229C-3767-803D-3D78B3A5805A}"
	ProjectSection(ProjectDependencies) = postProject
		{D8837335-CB41-3887-B44B-DA3DD1A3D9EA} = {D8837335-CB41-3887-B44B-DA3DD1A3D9EA}
	EndProjectSection
EndProject
Project("{8BC9CEB8-8B4A-11D0-8D11-00A0C91BC942}") = "external", "engine\external\external.vcxproj", "{94FA3C43-C0C7-3336-ADDC-F977AF067618}"
	ProjectSection(ProjectDependencies) = postProject
		{D8837335-CB41-3887-B44B-DA3DD1A3D9EA} = {D8837335-CB41-3887-B44B-DA3DD1A3D9EA}
		{378F759B-85F2-3A42-A01C-A1C0459C54D0} = {378F759B-85F2-3A42-A01C-A1C0459C54D0}
		{B516A075-58F2-34A5-80EE-75D70A02F990} = {B516A075-58F2-34A5-80EE-75D70A02F990}
		{456AA3A2-AE47-3945-9E9C-9B903DEAAB1F} = {456AA3A2-AE47-3945-9E9C-9B903DEAAB1F}
		{C8086C10-1DB6-3F46-96C7-198AF7D3E205} = {C8086C10-1DB6-3F46-96C7-198AF7D3E205}
		{E88A4E2F-06CF-3297-9E9E-83CC9947EBA6} = {E88A4E2F-06CF-3297-9E9E-83CC9947EBA6}
		{28DCE7AF-21B7-3746-B1A8-E4B6FB677429} = {28DCE7AF-21B7-3746-B1A8-E4B6FB677429}
		{3F939B6A-F336-3ABA-AABE-C386C3EEEB20} = {3F939B6A-F336-3ABA-AABE-C386C3EEEB20}
		{F40F36F7-5E8C-3AA7-A7B8-15605AC430CF} = {F40F36F7-5E8C-3AA7-A7B8-15605AC430CF}
		{A7A50BA9-F699-33F5-A988-2F4EC7F3715F} = {A7A50BA9-F699-33F5-A988-2F4EC7F3715F}
		{5C4F4E96-229C-3767-803D-3D78B3A5805A} = {5C4F4E96-229C-3767-803D-3D78B3A5805A}
	EndProjectSection
EndProject
Global
	GlobalSection(SolutionConfigurationPlatforms) = preSolution
		Debug|win32 = Debug|win32
		Release|win32 = Release|win32
		MinSizeRel|win32 = MinSizeRel|win32
		RelWithDebInfo|win32 = RelWithDebInfo|win32
	EndGlobalSection
	GlobalSection(ProjectConfigurationPlatforms) = postSolution
		{9A8F3E37-6083-38C5-9566-E7288956D0D5}.Debug|win32.ActiveCfg = Debug|win32
		{9A8F3E37-6083-38C5-9566-E7288956D0D5}.Release|win32.ActiveCfg = Release|win32
		{9A8F3E37-6083-38C5-9566-E7288956D0D5}.MinSizeRel|win32.ActiveCfg = MinSizeRel|win32
		{9A8F3E37-6083-38C5-9566-E7288956D0D5}.RelWithDebInfo|win32.ActiveCfg = RelWithDebInfo|win32
		{FEEBD794-0809-3CE6-89B4-32C0F31567E2}.Debug|win32.ActiveCfg = Debug|win32
		{FEEBD794-0809-3CE6-89B4-32C0F31567E2}.Debug|win32.Build.0 = Debug|win32
		{FEEBD794-0809-3CE6-89B4-32C0F31567E2}.Release|win32.ActiveCfg = Release|win32
		{FEEBD794-0809-3CE6-89B4-32C0F31567E2}.Release|win32.Build.0 = Release|win32
		{FEEBD794-0809-3CE6-89B4-32C0F31567E2}.MinSizeRel|win32.ActiveCfg = MinSizeRel|win32
		{FEEBD794-0809-3CE6-89B4-32C0F31567E2}.MinSizeRel|win32.Build.0 = MinSizeRel|win32
		{FEEBD794-0809-3CE6-89B4-32C0F31567E2}.RelWithDebInfo|win32.ActiveCfg = RelWithDebInfo|win32
		{FEEBD794-0809-3CE6-89B4-32C0F31567E2}.RelWithDebInfo|win32.Build.0 = RelWithDebInfo|win32
		{14B2DE0F-754E-3894-9BB3-78870DD5B62A}.Debug|win32.ActiveCfg = Debug|win32
		{14B2DE0F-754E-3894-9BB3-78870DD5B62A}.Debug|win32.Build.0 = Debug|win32
		{14B2DE0F-754E-3894-9BB3-78870DD5B62A}.Release|win32.ActiveCfg = Release|win32
		{14B2DE0F-754E-3894-9BB3-78870DD5B62A}.Release|win32.Build.0 = Release|win32
		{14B2DE0F-754E-3894-9BB3-78870DD5B62A}.MinSizeRel|win32.ActiveCfg = MinSizeRel|win32
		{14B2DE0F-754E-3894-9BB3-78870DD5B62A}.MinSizeRel|win32.Build.0 = MinSizeRel|win32
		{14B2DE0F-754E-3894-9BB3-78870DD5B62A}.RelWithDebInfo|win32.ActiveCfg = RelWithDebInfo|win32
		{14B2DE0F-754E-3894-9BB3-78870DD5B62A}.RelWithDebInfo|win32.Build.0 = RelWithDebInfo|win32
		{D8837335-CB41-3887-B44B-DA3DD1A3D9EA}.Debug|win32.ActiveCfg = Debug|win32
		{D8837335-CB41-3887-B44B-DA3DD1A3D9EA}.Debug|win32.Build.0 = Debug|win32
		{D8837335-CB41-3887-B44B-DA3DD1A3D9EA}.Release|win32.ActiveCfg = Release|win32
		{D8837335-CB41-3887-B44B-DA3DD1A3D9EA}.Release|win32.Build.0 = Release|win32
		{D8837335-CB41-3887-B44B-DA3DD1A3D9EA}.MinSizeRel|win32.ActiveCfg = MinSizeRel|win32
		{D8837335-CB41-3887-B44B-DA3DD1A3D9EA}.MinSizeRel|win32.Build.0 = MinSizeRel|win32
		{D8837335-CB41-3887-B44B-DA3DD1A3D9EA}.RelWithDebInfo|win32.ActiveCfg = RelWithDebInfo|win32
		{D8837335-CB41-3887-B44B-DA3DD1A3D9EA}.RelWithDebInfo|win32.Build.0 = RelWithDebInfo|win32
		{F6B21755-8AA8-3302-8984-AB032E425556}.Debug|win32.ActiveCfg = Debug|win32
		{F6B21755-8AA8-3302-8984-AB032E425556}.Debug|win32.Build.0 = Debug|win32
		{F6B21755-8AA8-3302-8984-AB032E425556}.Release|win32.ActiveCfg = Release|win32
		{F6B21755-8AA8-3302-8984-AB032E425556}.Release|win32.Build.0 = Release|win32
		{F6B21755-8AA8-3302-8984-AB032E425556}.MinSizeRel|win32.ActiveCfg = MinSizeRel|win32
		{F6B21755-8AA8-3302-8984-AB032E425556}.MinSizeRel|win32.Build.0 = MinSizeRel|win32
		{F6B21755-8AA8-3302-8984-AB032E425556}.RelWithDebInfo|win32.ActiveCfg = RelWithDebInfo|win32
		{F6B21755-8AA8-3302-8984-AB032E425556}.RelWithDebInfo|win32.Build.0 = RelWithDebInfo|win32
		{378F759B-85F2-3A42-A01C-A1C0459C54D0}.Debug|win32.ActiveCfg = Debug|win32
		{378F759B-85F2-3A42-A01C-A1C0459C54D0}.Debug|win32.Build.0 = Debug|win32
		{378F759B-85F2-3A42-A01C-A1C0459C54D0}.Release|win32.ActiveCfg = Release|win32
		{378F759B-85F2-3A42-A01C-A1C0459C54D0}.Release|win32.Build.0 = Release|win32
		{378F759B-85F2-3A42-A01C-A1C0459C54D0}.MinSizeRel|win32.ActiveCfg = MinSizeRel|win32
		{378F759B-85F2-3A42-A01C-A1C0459C54D0}.MinSizeRel|win32.Build.0 = MinSizeRel|win32
		{378F759B-85F2-3A42-A01C-A1C0459C54D0}.RelWithDebInfo|win32.ActiveCfg = RelWithDebInfo|win32
		{378F759B-85F2-3A42-A01C-A1C0459C54D0}.RelWithDebInfo|win32.Build.0 = RelWithDebInfo|win32
		{B516A075-58F2-34A5-80EE-75D70A02F990}.Debug|win32.ActiveCfg = Debug|win32
		{B516A075-58F2-34A5-80EE-75D70A02F990}.Debug|win32.Build.0 = Debug|win32
		{B516A075-58F2-34A5-80EE-75D70A02F990}.Release|win32.ActiveCfg = Release|win32
		{B516A075-58F2-34A5-80EE-75D70A02F990}.Release|win32.Build.0 = Release|win32
		{B516A075-58F2-34A5-80EE-75D70A02F990}.MinSizeRel|win32.ActiveCfg = MinSizeRel|win32
		{B516A075-58F2-34A5-80EE-75D70A02F990}.MinSizeRel|win32.Build.0 = MinSizeRel|win32
		{B516A075-58F2-34A5-80EE-75D70A02F990}.RelWithDebInfo|win32.ActiveCfg = RelWithDebInfo|win32
		{B516A075-58F2-34A5-80EE-75D70A02F990}.RelWithDebInfo|win32.Build.0 = RelWithDebInfo|win32
		{456AA3A2-AE47-3945-9E9C-9B903DEAAB1F}.Debug|win32.ActiveCfg = Debug|win32
		{456AA3A2-AE47-3945-9E9C-9B903DEAAB1F}.Debug|win32.Build.0 = Debug|win32
		{456AA3A2-AE47-3945-9E9C-9B903DEAAB1F}.Release|win32.ActiveCfg = Release|win32
		{456AA3A2-AE47-3945-9E9C-9B903DEAAB1F}.Release|win32.Build.0 = Release|win32
		{456AA3A2-AE47-3945-9E9C-9B903DEAAB1F}.MinSizeRel|win32.ActiveCfg = MinSizeRel|win32
		{456AA3A2-AE47-3945-9E9C-9B903DEAAB1F}.MinSizeRel|win32.Build.0 = MinSizeRel|win32
		{456AA3A2-AE47-3945-9E9C-9B903DEAAB1F}.RelWithDebInfo|win32.ActiveCfg = RelWithDebInfo|win32
		{456AA3A2-AE47-3945-9E9C-9B903DEAAB1F}.RelWithDebInfo|win32.Build.0 = RelWithDebInfo|win32
		{C8086C10-1DB6-3F46-96C7-198AF7D3E205}.Debug|win32.ActiveCfg = Debug|win32
		{C8086C10-1DB6-3F46-96C7-198AF7D3E205}.Debug|win32.Build.0 = Debug|win32
		{C8086C10-1DB6-3F46-96C7-198AF7D3E205}.Release|win32.ActiveCfg = Release|win32
		{C8086C10-1DB6-3F46-96C7-198AF7D3E205}.Release|win32.Build.0 = Release|win32
		{C8086C10-1DB6-3F46-96C7-198AF7D3E205}.MinSizeRel|win32.ActiveCfg = MinSizeRel|win32
		{C8086C10-1DB6-3F46-96C7-198AF7D3E205}.MinSizeRel|win32.Build.0 = MinSizeRel|win32
		{C8086C10-1DB6-3F46-96C7-198AF7D3E205}.RelWithDebInfo|win32.ActiveCfg = RelWithDebInfo|win32
		{C8086C10-1DB6-3F46-96C7-198AF7D3E205}.RelWithDebInfo|win32.Build.0 = RelWithDebInfo|win32
		{E88A4E2F-06CF-3297-9E9E-83CC9947EBA6}.Debug|win32.ActiveCfg = Debug|win32
		{E88A4E2F-06CF-3297-9E9E-83CC9947EBA6}.Debug|win32.Build.0 = Debug|win32
		{E88A4E2F-06CF-3297-9E9E-83CC9947EBA6}.Release|win32.ActiveCfg = Release|win32
		{E88A4E2F-06CF-3297-9E9E-83CC9947EBA6}.Release|win32.Build.0 = Release|win32
		{E88A4E2F-06CF-3297-9E9E-83CC9947EBA6}.MinSizeRel|win32.ActiveCfg = MinSizeRel|win32
		{E88A4E2F-06CF-3297-9E9E-83CC9947EBA6}.MinSizeRel|win32.Build.0 = MinSizeRel|win32
		{E88A4E2F-06CF-3297-9E9E-83CC9947EBA6}.RelWithDebInfo|win32.ActiveCfg = RelWithDebInfo|win32
		{E88A4E2F-06CF-3297-9E9E-83CC9947EBA6}.RelWithDebInfo|win32.Build.0 = RelWithDebInfo|win32
		{28DCE7AF-21B7-3746-B1A8-E4B6FB677429}.Debug|win32.ActiveCfg = Debug|win32
		{28DCE7AF-21B7-3746-B1A8-E4B6FB677429}.Debug|win32.Build.0 = Debug|win32
		{28DCE7AF-21B7-3746-B1A8-E4B6FB677429}.Release|win32.ActiveCfg = Release|win32
		{28DCE7AF-21B7-3746-B1A8-E4B6FB677429}.Release|win32.Build.0 = Release|win32
		{28DCE7AF-21B7-3746-B1A8-E4B6FB677429}.MinSizeRel|win32.ActiveCfg = MinSizeRel|win32
		{28DCE7AF-21B7-3746-B1A8-E4B6FB677429}.MinSizeRel|win32.Build.0 = MinSizeRel|win32
		{28DCE7AF-21B7-3746-B1A8-E4B6FB677429}.RelWithDebInfo|win32.ActiveCfg = RelWithDebInfo|win32
		{28DCE7AF-21B7-3746-B1A8-E4B6FB677429}.RelWithDebInfo|win32.Build.0 = RelWithDebInfo|win32
		{3F939B6A-F336-3ABA-AABE-C386C3EEEB20}.Debug|win32.ActiveCfg = Debug|win32
		{3F939B6A-F336-3ABA-AABE-C386C3EEEB20}.Debug|win32.Build.0 = Debug|win32
		{3F939B6A-F336-3ABA-AABE-C386C3EEEB20}.Release|win32.ActiveCfg = Release|win32
		{3F939B6A-F336-3ABA-AABE-C386C3EEEB20}.Release|win32.Build.0 = Release|win32
		{3F939B6A-F336-3ABA-AABE-C386C3EEEB20}.MinSizeRel|win32.ActiveCfg = MinSizeRel|win32
		{3F939B6A-F336-3ABA-AABE-C386C3EEEB20}.MinSizeRel|win32.Build.0 = MinSizeRel|win32
		{3F939B6A-F336-3ABA-AABE-C386C3EEEB20}.RelWithDebInfo|win32.ActiveCfg = RelWithDebInfo|win32
		{3F939B6A-F336-3ABA-AABE-C386C3EEEB20}.RelWithDebInfo|win32.Build.0 = RelWithDebInfo|win32
		{F40F36F7-5E8C-3AA7-A7B8-15605AC430CF}.Debug|win32.ActiveCfg = Debug|win32
		{F40F36F7-5E8C-3AA7-A7B8-15605AC430CF}.Debug|win32.Build.0 = Debug|win32
		{F40F36F7-5E8C-3AA7-A7B8-15605AC430CF}.Release|win32.ActiveCfg = Release|win32
		{F40F36F7-5E8C-3AA7-A7B8-15605AC430CF}.Release|win32.Build.0 = Release|win32
		{F40F36F7-5E8C-3AA7-A7B8-15605AC430CF}.MinSizeRel|win32.ActiveCfg = MinSizeRel|win32
		{F40F36F7-5E8C-3AA7-A7B8-15605AC430CF}.MinSizeRel|win32.Build.0 = MinSizeRel|win32
		{F40F36F7-5E8C-3AA7-A7B8-15605AC430CF}.RelWithDebInfo|win32.ActiveCfg = RelWithDebInfo|win32
		{F40F36F7-5E8C-3AA7-A7B8-15605AC430CF}.RelWithDebInfo|win32.Build.0 = RelWithDebInfo|win32
		{A7A50BA9-F699-33F5-A988-2F4EC7F3715F}.Debug|win32.ActiveCfg = Debug|win32
		{A7A50BA9-F699-33F5-A988-2F4EC7F3715F}.Debug|win32.Build.0 = Debug|win32
		{A7A50BA9-F699-33F5-A988-2F4EC7F3715F}.Release|win32.ActiveCfg = Release|win32
		{A7A50BA9-F699-33F5-A988-2F4EC7F3715F}.Release|win32.Build.0 = Release|win32
		{A7A50BA9-F699-33F5-A988-2F4EC7F3715F}.MinSizeRel|win32.ActiveCfg = MinSizeRel|win32
		{A7A50BA9-F699-33F5-A988-2F4EC7F3715F}.MinSizeRel|win32.Build.0 = MinSizeRel|win32
		{A7A50BA9-F699-33F5-A988-2F4EC7F3715F}.RelWithDebInfo|win32.ActiveCfg = RelWithDebInfo|win32
		{A7A50BA9-F699-33F5-A988-2F4EC7F3715F}.RelWithDebInfo|win32.Build.0 = RelWithDebInfo|win32
		{5C4F4E96-229C-3767-803D-3D78B3A5805A}.Debug|win32.ActiveCfg = Debug|win32
		{5C4F4E96-229C-3767-803D-3D78B3A5805A}.Debug|win32.Build.0 = Debug|win32
		{5C4F4E96-229C-3767-803D-3D78B3A5805A}.Release|win32.ActiveCfg = Release|win32
		{5C4F4E96-229C-3767-803D-3D78B3A5805A}.Release|win32.Build.0 = Release|win32
		{5C4F4E96-229C-3767-803D-3D78B3A5805A}.MinSizeRel|win32.ActiveCfg = MinSizeRel|win32
		{5C4F4E96-229C-3767-803D-3D78B3A5805A}.MinSizeRel|win32.Build.0 = MinSizeRel|win32
		{5C4F4E96-229C-3767-803D-3D78B3A5805A}.RelWithDebInfo|win32.ActiveCfg = RelWithDebInfo|win32
		{5C4F4E96-229C-3767-803D-3D78B3A5805A}.RelWithDebInfo|win32.Build.0 = RelWithDebInfo|win32
		{94FA3C43-C0C7-3336-ADDC-F977AF067618}.Debug|win32.ActiveCfg = Debug|win32
		{94FA3C43-C0C7-3336-ADDC-F977AF067618}.Debug|win32.Build.0 = Debug|win32
		{94FA3C43-C0C7-3336-ADDC-F977AF067618}.Release|win32.ActiveCfg = Release|win32
		{94FA3C43-C0C7-3336-ADDC-F977AF067618}.Release|win32.Build.0 = Release|win32
		{94FA3C43-C0C7-3336-ADDC-F977AF067618}.MinSizeRel|win32.ActiveCfg = MinSizeRel|win32
		{94FA3C43-C0C7-3336-ADDC-F977AF067618}.MinSizeRel|win32.Build.0 = MinSizeRel|win32
		{94FA3C43-C0C7-3336-ADDC-F977AF067618}.RelWithDebInfo|win32.ActiveCfg = RelWithDebInfo|win32
		{94FA3C43-C0C7-3336-ADDC-F977AF067618}.RelWithDebInfo|win32.Build.0 = RelWithDebInfo|win32
	EndGlobalSection
	GlobalSection(NestedProjects) = preSolution
		{9A8F3E37-6083-38C5-9566-E7288956D0D5} = {4AB65134-858D-312E-99C8-BA1DFC0B9F40}
		{D8837335-CB41-3887-B44B-DA3DD1A3D9EA} = {4AB65134-858D-312E-99C8-BA1DFC0B9F40}
		{378F759B-85F2-3A42-A01C-A1C0459C54D0} = {FE87AE41-49B5-36C6-AF02-332E3F12E3E9}
		{B516A075-58F2-34A5-80EE-75D70A02F990} = {FE87AE41-49B5-36C6-AF02-332E3F12E3E9}
		{456AA3A2-AE47-3945-9E9C-9B903DEAAB1F} = {FE87AE41-49B5-36C6-AF02-332E3F12E3E9}
		{C8086C10-1DB6-3F46-96C7-198AF7D3E205} = {FE87AE41-49B5-36C6-AF02-332E3F12E3E9}
		{E88A4E2F-06CF-3297-9E9E-83CC9947EBA6} = {FE87AE41-49B5-36C6-AF02-332E3F12E3E9}
		{28DCE7AF-21B7-3746-B1A8-E4B6FB677429} = {FE87AE41-49B5-36C6-AF02-332E3F12E3E9}
		{3F939B6A-F336-3ABA-AABE-C386C3EEEB20} = {FE87AE41-49B5-36C6-AF02-332E3F12E3E9}
		{F40F36F7-5E8C-3AA7-A7B8-15605AC430CF} = {FE87AE41-49B5-36C6-AF02-332E3F12E3E9}
		{A7A50BA9-F699-33F5-A988-2F4EC7F3715F} = {FE87AE41-49B5-36C6-AF02-332E3F12E3E9}
		{5C4F4E96-229C-3767-803D-3D78B3A5805A} = {FE87AE41-49B5-36C6-AF02-332E3F12E3E9}
		{94FA3C43-C0C7-3336-ADDC-F977AF067618} = {FE87AE41-49B5-36C6-AF02-332E3F12E3E9}
		{F6B21755-8AA8-3302-8984-AB032E425556} = {1C66B865-4D68-3BAF-814B-FE63D7DF5061}
		{14B2DE0F-754E-3894-9BB3-78870DD5B62A} = {C518E58E-6089-3CB1-82AF-0B7BC8308314}
	EndGlobalSection
	GlobalSection(ExtensibilityGlobals) = postSolution
		SolutionGuid = {E6B93720-D3F7-3C50-BD41-83CA3718E8D0}
	EndGlobalSection
	GlobalSection(ExtensibilityAddIns) = postSolution
	EndGlobalSection
EndGlobal
